<?xml version="1.0" encoding="UTF-8" standalone="yes" ?>
<CodeBlocks_project_file>
	<FileVersion major="1" minor="6" />
	<Project>
		<Option title="granite" />
		<Option pch_mode="2" />
		<Option compiler="gnu_gcc_newest_compiler" />
		<Build>
			<Target title="Release">
				<Option output="bin/granite" prefix_auto="1" extension_auto="1" />
				<Option object_output="obj/" />
				<Option type="1" />
				<Option compiler="gnu_gcc_newest_compiler" />
				<Compiler>
					<Add option="-O3 -std=c++23" />
					<Add option="-Wall -Wextra -Werror=return-type -Werror=unused-value" />
					<Add option="-Wshadow -Werror=shadow" />
					<Add option="-ftemplate-backtrace-limit=0 -fomit-frame-pointer" />
					<Add option="-Wno-sign-compare -fno-exceptions" />
					<Add option="-Wpessimizing-move -Wredundant-move -Wint-to-pointer-cast" />
					<Add option="-Wparentheses -Werror=parentheses" />
					<Add option="-Wno-type-limits -Wno-stringop-overflow -Wno-array-bounds" />
					<Add option="-mavx" />
					<Add directory="include" />
				</Compiler>
				<Linker>
					<Add library="glfw3" />
				</Linker>
			</Target>
		</Build>
		<Compiler>
			<Add option="-Wall" />
			<Add option="-fexceptions" />
		</Compiler>
		<Unit filename="include/80186.h" />
		<Unit filename="include/80286.h" />
		<Unit filename="include/8087.h" />
		<Unit filename="include/8088mc.h" />
		<Unit filename="include/808x.h" />
		<Unit filename="include/808x_microcoded.h" />
		<Unit filename="include/YM3812.h" />
		<Unit filename="include/audio.h" />
		<Unit filename="include/beeper.h" />
		<Unit filename="include/busmouse.h" />
		<Unit filename="include/cga.h" />
		<Unit filename="include/cgabios.h" />
		<Unit filename="include/diskette.h" />
		<Unit filename="include/dma.h" />
		<Unit filename="include/dmapage.h" />
		<Unit filename="include/gameblaster.h" />
		<Unit filename="include/gameport.h" />
		<Unit filename="include/glad/gl.h" />
		<Unit filename="include/harddisk.h" />
		<Unit filename="include/harddisk_ata.h" />
		<Unit filename="include/hega.h" />
		<Unit filename="include/interrupt.h" />
		<Unit filename="include/keyboard_at.h" />
		<Unit filename="include/keyboard_xt.h" />
		<Unit filename="include/ltems.h" />
		<Unit filename="include/mem186.h" />
		<Unit filename="include/mem286.h" />
		<Unit filename="include/mem8088.h" />
		<Unit filename="include/membytes.h" />
		<Unit filename="include/miniaudio.h" />
		<Unit filename="include/opl2.h" />
		<Unit filename="include/palette.h" />
		<Unit filename="include/pit.h" />
		<Unit filename="include/rtccmos.h" />
		<Unit filename="include/screen.h" />
		<Unit filename="include/shader.h" />
		<Unit filename="include/soundblaster.h" />
		<Unit filename="include/sqems.h" />
		<Unit filename="include/vga.h" />
		<Unit filename="include/z80.h" />
		<Unit filename="src/KHR/khrplatform.h" />
		<Unit filename="src/gl.cpp" />
		<Unit filename="src/main.cpp" />
		<Unit filename="src/miniaudio.cpp" />
		<Unit filename="src/opl2.cpp" />
		<Unit filename="src/sampleplayer.h" />
		<Extensions />
	</Project>
</CodeBlocks_project_file>
